Microsoft Visual Studio Solution File, Format Version 11.00
# Visual Studio 2008

Project("{3BE0F8CF-BFEE-D67D-1B0F-A10F6755FEB7}") = "Projeto_Casa", "Assembly-CSharp.csproj", "{F78A6FAF-A77A-98AC-8EAF-574FF0904691}"
EndProject
Global
	GlobalSection(SolutionConfigurationPlatforms) = preSolution
		Debug|Any CPU = Debug|Any CPU
		Release|Any CPU = Release|Any CPU
	EndGlobalSection
	GlobalSection(ProjectConfigurationPlatforms) = postSolution
		{F78A6FAF-A77A-98AC-8EAF-574FF0904691}.Debug|Any CPU.ActiveCfg = Debug|Any CPU
		{F78A6FAF-A77A-98AC-8EAF-574FF0904691}.Debug|Any CPU.Build.0 = Debug|Any CPU
		{F78A6FAF-A77A-98AC-8EAF-574FF0904691}.Release|Any CPU.ActiveCfg = Release|Any CPU
		{F78A6FAF-A77A-98AC-8EAF-574FF0904691}.Release|Any CPU.Build.0 = Release|Any CPU
	EndGlobalSection
	GlobalSection(SolutionProperties) = preSolution
		HideSolutionNode = FALSE
	EndGlobalSection
	GlobalSection(MonoDevelopProperties) = preSolution
		StartupItem = Assembly-CSharp.csproj
	EndGlobalSection
EndGlobal
